<Solution>
  <Folder Name="/src/">
    <Project Path="ABCSchoolPortal/ABCSchoolPortal.csproj" Id="25e56442-9967-4fcc-a61c-2346fe7cdf1a" />
    <Project Path="Infrastructure/Infrastructure.csproj" />
    <Project Path="Shared/Shared.csproj" Id="cd0139b5-169d-4f0b-82ee-2a459d3389d2" />
    <Project Path="WebApi/WebApi.csproj" />
  </Folder>
  <Folder Name="/src/core/">
    <Project Path="Application/Application.csproj" />
    <Project Path="domain/Domain.csproj" />
  </Folder>
</Solution>
